
Microsoft Visual Studio Solution File, Format Version 12.00
# Visual Studio 15
VisualStudioVersion = 15.0.28010.2019
MinimumVisualStudioVersion = 10.0.40219.1
Project("{2150E333-8FDC-42A3-9474-1A3956D46DE8}") = "Entities", "Entities", "{4F2BD91C-37CD-4AEF-8B32-D395D6A8134B}"
EndProject
Project("{2150E333-8FDC-42A3-9474-1A3956D46DE8}") = "ApplicationServices", "ApplicationServices", "{697A12B4-3600-45E9-990E-6391C48A0971}"
EndProject
Project("{2150E333-8FDC-42A3-9474-1A3956D46DE8}") = "Repository", "Repository", "{47108132-DA02-4A62-A46F-4A6D22DEA60B}"
EndProject
Project("{2150E333-8FDC-42A3-9474-1A3956D46DE8}") = "DependencyInjection", "DependencyInjection", "{C14B255F-8A9D-4C07-B812-445906A02E02}"
EndProject
Project("{2150E333-8FDC-42A3-9474-1A3956D46DE8}") = "Presentation", "Presentation", "{53B2A41F-8CA7-4BCC-94FE-F89E019E5823}"
EndProject
Project("{9A19103F-16F7-4668-BE54-9A1E7A4F7556}") = "Entities", "Entites\Entities.csproj", "{2299C413-AE55-4FFA-BB53-C6FCAD05D28C}"
EndProject
Project("{9A19103F-16F7-4668-BE54-9A1E7A4F7556}") = "SQLRepository", "SQLRepository\SQLRepository.csproj", "{01003F74-FB65-44B0-AD21-FAC88336D88E}"
EndProject
Project("{9A19103F-16F7-4668-BE54-9A1E7A4F7556}") = "Repository", "Repository\Repository.csproj", "{B25A08C3-9009-4F4F-8165-9BF261BE8FA5}"
EndProject
Project("{9A19103F-16F7-4668-BE54-9A1E7A4F7556}") = "DI", "dependencyInjection\DI.csproj", "{3A3E79F0-9902-49B7-86F4-05D01B4E67EE}"
EndProject
Project("{9A19103F-16F7-4668-BE54-9A1E7A4F7556}") = "GenericRepository", "GenericRepository\GenericRepository.csproj", "{5CE06727-AAF5-4F4D-9748-1AB2B6821B7D}"
EndProject
Project("{9A19103F-16F7-4668-BE54-9A1E7A4F7556}") = "Services", "Services\Services.csproj", "{D35BC24D-ABD3-4F71-AE98-D605927271FC}"
EndProject
Project("{9A19103F-16F7-4668-BE54-9A1E7A4F7556}") = "IServices", "IServices\IServices.csproj", "{777C8647-B339-4C48-A776-3E5891D08EBB}"
EndProject
Project("{FAE04EC0-301F-11D3-BF4B-00C04F79EFBC}") = "MemoriesMVC", "MemoriesMVC\MemoriesMVC.csproj", "{5C5ABD49-4592-4EEF-8942-0ABF68BE3E67}"
EndProject
Global
	GlobalSection(SolutionConfigurationPlatforms) = preSolution
		Debug|Any CPU = Debug|Any CPU
		Release|Any CPU = Release|Any CPU
	EndGlobalSection
	GlobalSection(ProjectConfigurationPlatforms) = postSolution
		{2299C413-AE55-4FFA-BB53-C6FCAD05D28C}.Debug|Any CPU.ActiveCfg = Debug|Any CPU
		{2299C413-AE55-4FFA-BB53-C6FCAD05D28C}.Debug|Any CPU.Build.0 = Debug|Any CPU
		{2299C413-AE55-4FFA-BB53-C6FCAD05D28C}.Release|Any CPU.ActiveCfg = Release|Any CPU
		{2299C413-AE55-4FFA-BB53-C6FCAD05D28C}.Release|Any CPU.Build.0 = Release|Any CPU
		{01003F74-FB65-44B0-AD21-FAC88336D88E}.Debug|Any CPU.ActiveCfg = Debug|Any CPU
		{01003F74-FB65-44B0-AD21-FAC88336D88E}.Debug|Any CPU.Build.0 = Debug|Any CPU
		{01003F74-FB65-44B0-AD21-FAC88336D88E}.Release|Any CPU.ActiveCfg = Release|Any CPU
		{01003F74-FB65-44B0-AD21-FAC88336D88E}.Release|Any CPU.Build.0 = Release|Any CPU
		{B25A08C3-9009-4F4F-8165-9BF261BE8FA5}.Debug|Any CPU.ActiveCfg = Debug|Any CPU
		{B25A08C3-9009-4F4F-8165-9BF261BE8FA5}.Debug|Any CPU.Build.0 = Debug|Any CPU
		{B25A08C3-9009-4F4F-8165-9BF261BE8FA5}.Release|Any CPU.ActiveCfg = Release|Any CPU
		{B25A08C3-9009-4F4F-8165-9BF261BE8FA5}.Release|Any CPU.Build.0 = Release|Any CPU
		{3A3E79F0-9902-49B7-86F4-05D01B4E67EE}.Debug|Any CPU.ActiveCfg = Debug|Any CPU
		{3A3E79F0-9902-49B7-86F4-05D01B4E67EE}.Debug|Any CPU.Build.0 = Debug|Any CPU
		{3A3E79F0-9902-49B7-86F4-05D01B4E67EE}.Release|Any CPU.ActiveCfg = Release|Any CPU
		{3A3E79F0-9902-49B7-86F4-05D01B4E67EE}.Release|Any CPU.Build.0 = Release|Any CPU
		{5CE06727-AAF5-4F4D-9748-1AB2B6821B7D}.Debug|Any CPU.ActiveCfg = Debug|Any CPU
		{5CE06727-AAF5-4F4D-9748-1AB2B6821B7D}.Debug|Any CPU.Build.0 = Debug|Any CPU
		{5CE06727-AAF5-4F4D-9748-1AB2B6821B7D}.Release|Any CPU.ActiveCfg = Release|Any CPU
		{5CE06727-AAF5-4F4D-9748-1AB2B6821B7D}.Release|Any CPU.Build.0 = Release|Any CPU
		{D35BC24D-ABD3-4F71-AE98-D605927271FC}.Debug|Any CPU.ActiveCfg = Debug|Any CPU
		{D35BC24D-ABD3-4F71-AE98-D605927271FC}.Debug|Any CPU.Build.0 = Debug|Any CPU
		{D35BC24D-ABD3-4F71-AE98-D605927271FC}.Release|Any CPU.ActiveCfg = Release|Any CPU
		{D35BC24D-ABD3-4F71-AE98-D605927271FC}.Release|Any CPU.Build.0 = Release|Any CPU
		{777C8647-B339-4C48-A776-3E5891D08EBB}.Debug|Any CPU.ActiveCfg = Debug|Any CPU
		{777C8647-B339-4C48-A776-3E5891D08EBB}.Debug|Any CPU.Build.0 = Debug|Any CPU
		{777C8647-B339-4C48-A776-3E5891D08EBB}.Release|Any CPU.ActiveCfg = Release|Any CPU
		{777C8647-B339-4C48-A776-3E5891D08EBB}.Release|Any CPU.Build.0 = Release|Any CPU
		{5C5ABD49-4592-4EEF-8942-0ABF68BE3E67}.Debug|Any CPU.ActiveCfg = Debug|Any CPU
		{5C5ABD49-4592-4EEF-8942-0ABF68BE3E67}.Debug|Any CPU.Build.0 = Debug|Any CPU
		{5C5ABD49-4592-4EEF-8942-0ABF68BE3E67}.Release|Any CPU.ActiveCfg = Release|Any CPU
		{5C5ABD49-4592-4EEF-8942-0ABF68BE3E67}.Release|Any CPU.Build.0 = Release|Any CPU
	EndGlobalSection
	GlobalSection(SolutionProperties) = preSolution
		HideSolutionNode = FALSE
	EndGlobalSection
	GlobalSection(NestedProjects) = preSolution
		{2299C413-AE55-4FFA-BB53-C6FCAD05D28C} = {4F2BD91C-37CD-4AEF-8B32-D395D6A8134B}
		{01003F74-FB65-44B0-AD21-FAC88336D88E} = {47108132-DA02-4A62-A46F-4A6D22DEA60B}
		{B25A08C3-9009-4F4F-8165-9BF261BE8FA5} = {47108132-DA02-4A62-A46F-4A6D22DEA60B}
		{3A3E79F0-9902-49B7-86F4-05D01B4E67EE} = {C14B255F-8A9D-4C07-B812-445906A02E02}
		{5CE06727-AAF5-4F4D-9748-1AB2B6821B7D} = {47108132-DA02-4A62-A46F-4A6D22DEA60B}
		{D35BC24D-ABD3-4F71-AE98-D605927271FC} = {697A12B4-3600-45E9-990E-6391C48A0971}
		{777C8647-B339-4C48-A776-3E5891D08EBB} = {697A12B4-3600-45E9-990E-6391C48A0971}
		{5C5ABD49-4592-4EEF-8942-0ABF68BE3E67} = {53B2A41F-8CA7-4BCC-94FE-F89E019E5823}
	EndGlobalSection
	GlobalSection(ExtensibilityGlobals) = postSolution
		SolutionGuid = {AFF42D5A-EEE8-420D-998D-87E74622D444}
	EndGlobalSection
EndGlobal
